
Microsoft Visual Studio Solution File, Format Version 12.00
# Visual Studio 2013
Project("{FAE04EC0-301F-11D3-BF4B-00C04F79EFBC}") = "UnityVS.modul-pertarungan.CSharp", "UnityVS.modul-pertarungan.CSharp.csproj", "{40E1D3FF-5522-9817-EB59-69F59B241D77}"
EndProject
Project("{FAE04EC0-301F-11D3-BF4B-00C04F79EFBC}") = "UnityVS.modul-pertarungan.CSharp.Editor", "UnityVS.modul-pertarungan.CSharp.Editor.csproj", "{35C6E092-8815-8035-3756-5A7A2FCF871B}"
EndProject
Global
	GlobalSection(SolutionConfigurationPlatforms) = preSolution
		Debug|Any CPU = Debug|Any CPU
		Release|Any CPU = Release|Any CPU
	EndGlobalSection
	GlobalSection(ProjectConfigurationPlatforms) = postSolution
		{40E1D3FF-5522-9817-EB59-69F59B241D77}.Debug|Any CPU.ActiveCfg = Debug|Any CPU
		{40E1D3FF-5522-9817-EB59-69F59B241D77}.Debug|Any CPU.Build.0 = Debug|Any CPU
		{40E1D3FF-5522-9817-EB59-69F59B241D77}.Release|Any CPU.ActiveCfg = Release|Any CPU
		{40E1D3FF-5522-9817-EB59-69F59B241D77}.Release|Any CPU.Build.0 = Release|Any CPU
		{35C6E092-8815-8035-3756-5A7A2FCF871B}.Debug|Any CPU.ActiveCfg = Debug|Any CPU
		{35C6E092-8815-8035-3756-5A7A2FCF871B}.Debug|Any CPU.Build.0 = Debug|Any CPU
		{35C6E092-8815-8035-3756-5A7A2FCF871B}.Release|Any CPU.ActiveCfg = Release|Any CPU
		{35C6E092-8815-8035-3756-5A7A2FCF871B}.Release|Any CPU.Build.0 = Release|Any CPU
	EndGlobalSection
	GlobalSection(SolutionProperties) = preSolution
		HideSolutionNode = FALSE
	EndGlobalSection
EndGlobal
